
Microsoft Visual Studio Solution File, Format Version 12.00
# Visual Studio Version 16
VisualStudioVersion = 16.0.31613.86
MinimumVisualStudioVersion = 10.0.40219.1
Project("{FAE04EC0-301F-11D3-BF4B-00C04F79EFBC}") = "Bai40_Tim_cac_bo", "Bai40_Tim_cac_bo\Bai40_Tim_cac_bo.csproj", "{58257C4F-D490-44BB-89B9-3437967362D3}"
EndProject
Global
	GlobalSection(SolutionConfigurationPlatforms) = preSolution
		Debug|Any CPU = Debug|Any CPU
		Release|Any CPU = Release|Any CPU
	EndGlobalSection
	GlobalSection(ProjectConfigurationPlatforms) = postSolution
		{58257C4F-D490-44BB-89B9-3437967362D3}.Debug|Any CPU.ActiveCfg = Debug|Any CPU
		{58257C4F-D490-44BB-89B9-3437967362D3}.Debug|Any CPU.Build.0 = Debug|Any CPU
		{58257C4F-D490-44BB-89B9-3437967362D3}.Release|Any CPU.ActiveCfg = Release|Any CPU
		{58257C4F-D490-44BB-89B9-3437967362D3}.Release|Any CPU.Build.0 = Release|Any CPU
	EndGlobalSection
	GlobalSection(SolutionProperties) = preSolution
		HideSolutionNode = FALSE
	EndGlobalSection
	GlobalSection(ExtensibilityGlobals) = postSolution
		SolutionGuid = {96729EB7-17AC-44DB-9BF0-6A61E2D05B7B}
	EndGlobalSection
EndGlobal
