
Microsoft Visual Studio Solution File, Format Version 12.00
# Visual Studio Version 16
VisualStudioVersion = 16.0.31613.86
MinimumVisualStudioVersion = 10.0.40219.1
Project("{FAE04EC0-301F-11D3-BF4B-00C04F79EFBC}") = "Bai38_Doi_tien_menh_gia_khac_nhau", "Bai38_Doi_tien_menh_gia_khac_nhau\Bai38_Doi_tien_menh_gia_khac_nhau.csproj", "{0D9919E4-5F5B-4D74-9E1A-B25F801C83F7}"
EndProject
Global
	GlobalSection(SolutionConfigurationPlatforms) = preSolution
		Debug|Any CPU = Debug|Any CPU
		Release|Any CPU = Release|Any CPU
	EndGlobalSection
	GlobalSection(ProjectConfigurationPlatforms) = postSolution
		{0D9919E4-5F5B-4D74-9E1A-B25F801C83F7}.Debug|Any CPU.ActiveCfg = Debug|Any CPU
		{0D9919E4-5F5B-4D74-9E1A-B25F801C83F7}.Debug|Any CPU.Build.0 = Debug|Any CPU
		{0D9919E4-5F5B-4D74-9E1A-B25F801C83F7}.Release|Any CPU.ActiveCfg = Release|Any CPU
		{0D9919E4-5F5B-4D74-9E1A-B25F801C83F7}.Release|Any CPU.Build.0 = Release|Any CPU
	EndGlobalSection
	GlobalSection(SolutionProperties) = preSolution
		HideSolutionNode = FALSE
	EndGlobalSection
	GlobalSection(ExtensibilityGlobals) = postSolution
		SolutionGuid = {BC773152-3B48-4021-9D92-2F06C7A5A1F6}
	EndGlobalSection
EndGlobal
