
Microsoft Visual Studio Solution File, Format Version 12.00
# Visual Studio Version 16
VisualStudioVersion = 16.0.31613.86
MinimumVisualStudioVersion = 10.0.40219.1
Project("{FAE04EC0-301F-11D3-BF4B-00C04F79EFBC}") = "Bai42_Gia_thuyet_Goldbach7", "Bai42_Gia_thuyet_Goldbach7\Bai42_Gia_thuyet_Goldbach7.csproj", "{BA135BA0-48E5-4250-B6FD-02735719A6CC}"
EndProject
Global
	GlobalSection(SolutionConfigurationPlatforms) = preSolution
		Debug|Any CPU = Debug|Any CPU
		Release|Any CPU = Release|Any CPU
	EndGlobalSection
	GlobalSection(ProjectConfigurationPlatforms) = postSolution
		{BA135BA0-48E5-4250-B6FD-02735719A6CC}.Debug|Any CPU.ActiveCfg = Debug|Any CPU
		{BA135BA0-48E5-4250-B6FD-02735719A6CC}.Debug|Any CPU.Build.0 = Debug|Any CPU
		{BA135BA0-48E5-4250-B6FD-02735719A6CC}.Release|Any CPU.ActiveCfg = Release|Any CPU
		{BA135BA0-48E5-4250-B6FD-02735719A6CC}.Release|Any CPU.Build.0 = Release|Any CPU
	EndGlobalSection
	GlobalSection(SolutionProperties) = preSolution
		HideSolutionNode = FALSE
	EndGlobalSection
	GlobalSection(ExtensibilityGlobals) = postSolution
		SolutionGuid = {BB050D14-AC7D-4858-8E05-A3B7F2D12925}
	EndGlobalSection
EndGlobal
