
Microsoft Visual Studio Solution File, Format Version 12.00
# Visual Studio Version 16
VisualStudioVersion = 16.0.31613.86
MinimumVisualStudioVersion = 10.0.40219.1
Project("{FAE04EC0-301F-11D3-BF4B-00C04F79EFBC}") = "Bai37_Tim_so_nguyen_duong_lon_nhat", "Bai37_Tim_so_nguyen_duong_lon_nhat\Bai37_Tim_so_nguyen_duong_lon_nhat.csproj", "{44908F98-B609-4CDB-9A44-23841164ACA9}"
EndProject
Global
	GlobalSection(SolutionConfigurationPlatforms) = preSolution
		Debug|Any CPU = Debug|Any CPU
		Release|Any CPU = Release|Any CPU
	EndGlobalSection
	GlobalSection(ProjectConfigurationPlatforms) = postSolution
		{44908F98-B609-4CDB-9A44-23841164ACA9}.Debug|Any CPU.ActiveCfg = Debug|Any CPU
		{44908F98-B609-4CDB-9A44-23841164ACA9}.Debug|Any CPU.Build.0 = Debug|Any CPU
		{44908F98-B609-4CDB-9A44-23841164ACA9}.Release|Any CPU.ActiveCfg = Release|Any CPU
		{44908F98-B609-4CDB-9A44-23841164ACA9}.Release|Any CPU.Build.0 = Release|Any CPU
	EndGlobalSection
	GlobalSection(SolutionProperties) = preSolution
		HideSolutionNode = FALSE
	EndGlobalSection
	GlobalSection(ExtensibilityGlobals) = postSolution
		SolutionGuid = {9F61D7FE-64A9-4162-B614-C218C390A031}
	EndGlobalSection
EndGlobal
