
Microsoft Visual Studio Solution File, Format Version 12.00
# Visual Studio Version 16
VisualStudioVersion = 16.0.31613.86
MinimumVisualStudioVersion = 10.0.40219.1
Project("{FAE04EC0-301F-11D3-BF4B-00C04F79EFBC}") = "Bai32_Sinh_cac_so_hailstones", "Bai32_Sinh_cac_so_hailstones.csproj", "{40E25977-A4E7-44F7-B031-9827CD841257}"
EndProject
Global
	GlobalSection(SolutionConfigurationPlatforms) = preSolution
		Debug|Any CPU = Debug|Any CPU
		Release|Any CPU = Release|Any CPU
	EndGlobalSection
	GlobalSection(ProjectConfigurationPlatforms) = postSolution
		{40E25977-A4E7-44F7-B031-9827CD841257}.Debug|Any CPU.ActiveCfg = Debug|Any CPU
		{40E25977-A4E7-44F7-B031-9827CD841257}.Debug|Any CPU.Build.0 = Debug|Any CPU
		{40E25977-A4E7-44F7-B031-9827CD841257}.Release|Any CPU.ActiveCfg = Release|Any CPU
		{40E25977-A4E7-44F7-B031-9827CD841257}.Release|Any CPU.Build.0 = Release|Any CPU
	EndGlobalSection
	GlobalSection(SolutionProperties) = preSolution
		HideSolutionNode = FALSE
	EndGlobalSection
	GlobalSection(ExtensibilityGlobals) = postSolution
		SolutionGuid = {7EBA787C-084C-4A7D-8DCF-AD1D6972F7ED}
	EndGlobalSection
EndGlobal
