
Microsoft Visual Studio Solution File, Format Version 12.00
# Visual Studio Version 16
VisualStudioVersion = 16.0.31613.86
MinimumVisualStudioVersion = 10.0.40219.1
Project("{FAE04EC0-301F-11D3-BF4B-00C04F79EFBC}") = "Bai15_Ngay_bao_nhieu_trong_nam", "Bai15_Ngay_bao_nhieu_trong_nam.csproj", "{B162B497-2A4E-49D8-8CB0-46E7A012AC4C}"
EndProject
Global
	GlobalSection(SolutionConfigurationPlatforms) = preSolution
		Debug|Any CPU = Debug|Any CPU
		Release|Any CPU = Release|Any CPU
	EndGlobalSection
	GlobalSection(ProjectConfigurationPlatforms) = postSolution
		{B162B497-2A4E-49D8-8CB0-46E7A012AC4C}.Debug|Any CPU.ActiveCfg = Debug|Any CPU
		{B162B497-2A4E-49D8-8CB0-46E7A012AC4C}.Debug|Any CPU.Build.0 = Debug|Any CPU
		{B162B497-2A4E-49D8-8CB0-46E7A012AC4C}.Release|Any CPU.ActiveCfg = Release|Any CPU
		{B162B497-2A4E-49D8-8CB0-46E7A012AC4C}.Release|Any CPU.Build.0 = Release|Any CPU
	EndGlobalSection
	GlobalSection(SolutionProperties) = preSolution
		HideSolutionNode = FALSE
	EndGlobalSection
	GlobalSection(ExtensibilityGlobals) = postSolution
		SolutionGuid = {5BB90C48-E8EC-4BB7-916A-63C85C2CB7D8}
	EndGlobalSection
EndGlobal
