
Microsoft Visual Studio Solution File, Format Version 12.00
# Visual Studio Version 16
VisualStudioVersion = 16.0.31613.86
MinimumVisualStudioVersion = 10.0.40219.1
Project("{FAE04EC0-301F-11D3-BF4B-00C04F79EFBC}") = "ConsoleApp1", "ConsoleApp1\ConsoleApp1.csproj", "{CA88D6FA-D9CA-4CA2-8D7D-E02116C24037}"
EndProject
Global
	GlobalSection(SolutionConfigurationPlatforms) = preSolution
		Debug|Any CPU = Debug|Any CPU
		Release|Any CPU = Release|Any CPU
	EndGlobalSection
	GlobalSection(ProjectConfigurationPlatforms) = postSolution
		{CA88D6FA-D9CA-4CA2-8D7D-E02116C24037}.Debug|Any CPU.ActiveCfg = Debug|Any CPU
		{CA88D6FA-D9CA-4CA2-8D7D-E02116C24037}.Debug|Any CPU.Build.0 = Debug|Any CPU
		{CA88D6FA-D9CA-4CA2-8D7D-E02116C24037}.Release|Any CPU.ActiveCfg = Release|Any CPU
		{CA88D6FA-D9CA-4CA2-8D7D-E02116C24037}.Release|Any CPU.Build.0 = Release|Any CPU
	EndGlobalSection
	GlobalSection(SolutionProperties) = preSolution
		HideSolutionNode = FALSE
	EndGlobalSection
	GlobalSection(ExtensibilityGlobals) = postSolution
		SolutionGuid = {46C75C3F-711A-4E13-9803-48F7EBF2E125}
	EndGlobalSection
EndGlobal
